// !$*UTF8*$!
{
	archiveVersion = 1;
	classes = {
	};
	objectVersion = 56;
	objects = {

/* Begin PBXBuildFile section */
		C16C40ED2923B8ED00D63566 /* HomeViewModel.swift in Sources */ = {isa = PBXBuildFile; fileRef = C16C40EC2923B8ED00D63566 /* HomeViewModel.swift */; };
		C17544DA29092FCA00E94D71 /* SwiftfulCryptoApp.swift in Sources */ = {isa = PBXBuildFile; fileRef = C17544D929092FCA00E94D71 /* SwiftfulCryptoApp.swift */; };
		C17544DC29092FCA00E94D71 /* ContentView.swift in Sources */ = {isa = PBXBuildFile; fileRef = C17544DB29092FCA00E94D71 /* ContentView.swift */; };
		C17544DE29092FCD00E94D71 /* Assets.xcassets in Resources */ = {isa = PBXBuildFile; fileRef = C17544DD29092FCD00E94D71 /* Assets.xcassets */; };
		C17544E129092FCD00E94D71 /* Preview Assets.xcassets in Resources */ = {isa = PBXBuildFile; fileRef = C17544E029092FCD00E94D71 /* Preview Assets.xcassets */; };
		C17544E92909342A00E94D71 /* Color.swift in Sources */ = {isa = PBXBuildFile; fileRef = C17544E82909342A00E94D71 /* Color.swift */; };
		C178192029221E3900BDA6EB /* CoinModel.swift in Sources */ = {isa = PBXBuildFile; fileRef = C178191F29221E3900BDA6EB /* CoinModel.swift */; };
		C178192229222D4300BDA6EB /* CoinRowView.swift in Sources */ = {isa = PBXBuildFile; fileRef = C178192129222D4300BDA6EB /* CoinRowView.swift */; };
		C178192429222DCE00BDA6EB /* PreviewProvider.swift in Sources */ = {isa = PBXBuildFile; fileRef = C178192329222DCE00BDA6EB /* PreviewProvider.swift */; };
		C1781926292238F700BDA6EB /* Double.swift in Sources */ = {isa = PBXBuildFile; fileRef = C1781925292238F700BDA6EB /* Double.swift */; };
		C18337C02912A951008E8309 /* HomeView.swift in Sources */ = {isa = PBXBuildFile; fileRef = C18337BF2912A950008E8309 /* HomeView.swift */; };
		C18337C52912AA3B008E8309 /* CircleButtonView.swift in Sources */ = {isa = PBXBuildFile; fileRef = C18337C42912AA3B008E8309 /* CircleButtonView.swift */; };
		C18337C72912ADEA008E8309 /* CircleButtonAnimationView.swift in Sources */ = {isa = PBXBuildFile; fileRef = C18337C62912ADEA008E8309 /* CircleButtonAnimationView.swift */; };
/* End PBXBuildFile section */

/* Begin PBXFileReference section */
		C16C40EC2923B8ED00D63566 /* HomeViewModel.swift */ = {isa = PBXFileReference; lastKnownFileType = sourcecode.swift; path = HomeViewModel.swift; sourceTree = "<group>"; };
		C17544D629092FCA00E94D71 /* SwiftfulCrypto.app */ = {isa = PBXFileReference; explicitFileType = wrapper.application; includeInIndex = 0; path = SwiftfulCrypto.app; sourceTree = BUILT_PRODUCTS_DIR; };
		C17544D929092FCA00E94D71 /* SwiftfulCryptoApp.swift */ = {isa = PBXFileReference; lastKnownFileType = sourcecode.swift; path = SwiftfulCryptoApp.swift; sourceTree = "<group>"; };
		C17544DB29092FCA00E94D71 /* ContentView.swift */ = {isa = PBXFileReference; lastKnownFileType = sourcecode.swift; path = ContentView.swift; sourceTree = "<group>"; };
		C17544DD29092FCD00E94D71 /* Assets.xcassets */ = {isa = PBXFileReference; lastKnownFileType = folder.assetcatalog; path = Assets.xcassets; sourceTree = "<group>"; };
		C17544E029092FCD00E94D71 /* Preview Assets.xcassets */ = {isa = PBXFileReference; lastKnownFileType = folder.assetcatalog; path = "Preview Assets.xcassets"; sourceTree = "<group>"; };
		C17544E82909342A00E94D71 /* Color.swift */ = {isa = PBXFileReference; lastKnownFileType = sourcecode.swift; path = Color.swift; sourceTree = "<group>"; };
		C178191F29221E3900BDA6EB /* CoinModel.swift */ = {isa = PBXFileReference; lastKnownFileType = sourcecode.swift; path = CoinModel.swift; sourceTree = "<group>"; };
		C178192129222D4300BDA6EB /* CoinRowView.swift */ = {isa = PBXFileReference; lastKnownFileType = sourcecode.swift; path = CoinRowView.swift; sourceTree = "<group>"; };
		C178192329222DCE00BDA6EB /* PreviewProvider.swift */ = {isa = PBXFileReference; lastKnownFileType = sourcecode.swift; path = PreviewProvider.swift; sourceTree = "<group>"; };
		C1781925292238F700BDA6EB /* Double.swift */ = {isa = PBXFileReference; lastKnownFileType = sourcecode.swift; path = Double.swift; sourceTree = "<group>"; };
		C18337BF2912A950008E8309 /* HomeView.swift */ = {isa = PBXFileReference; lastKnownFileType = sourcecode.swift; path = HomeView.swift; sourceTree = "<group>"; };
		C18337C42912AA3B008E8309 /* CircleButtonView.swift */ = {isa = PBXFileReference; lastKnownFileType = sourcecode.swift; path = CircleButtonView.swift; sourceTree = "<group>"; };
		C18337C62912ADEA008E8309 /* CircleButtonAnimationView.swift */ = {isa = PBXFileReference; lastKnownFileType = sourcecode.swift; path = CircleButtonAnimationView.swift; sourceTree = "<group>"; };
/* End PBXFileReference section */

/* Begin PBXFrameworksBuildPhase section */
		C17544D329092FCA00E94D71 /* Frameworks */ = {
			isa = PBXFrameworksBuildPhase;
			buildActionMask = 2147483647;
			files = (
			);
			runOnlyForDeploymentPostprocessing = 0;
		};
/* End PBXFrameworksBuildPhase section */

/* Begin PBXGroup section */
		C17544CD29092FCA00E94D71 = {
			isa = PBXGroup;
			children = (
				C17544D829092FCA00E94D71 /* SwiftfulCrypto */,
				C17544D729092FCA00E94D71 /* Products */,
			);
			sourceTree = "<group>";
		};
		C17544D729092FCA00E94D71 /* Products */ = {
			isa = PBXGroup;
			children = (
				C17544D629092FCA00E94D71 /* SwiftfulCrypto.app */,
			);
			name = Products;
			sourceTree = "<group>";
		};
		C17544D829092FCA00E94D71 /* SwiftfulCrypto */ = {
			isa = PBXGroup;
			children = (
				C17544D929092FCA00E94D71 /* SwiftfulCryptoApp.swift */,
				C18337BB29129F28008E8309 /* Core */,
				C178191E29221E2B00BDA6EB /* Models */,
				C17544E72909340800E94D71 /* Extentions */,
				C17544DB29092FCA00E94D71 /* ContentView.swift */,
				C17544DD29092FCD00E94D71 /* Assets.xcassets */,
				C17544DF29092FCD00E94D71 /* Preview Content */,
			);
			path = SwiftfulCrypto;
			sourceTree = "<group>";
		};
		C17544DF29092FCD00E94D71 /* Preview Content */ = {
			isa = PBXGroup;
			children = (
				C17544E029092FCD00E94D71 /* Preview Assets.xcassets */,
			);
			path = "Preview Content";
			sourceTree = "<group>";
		};
		C17544E72909340800E94D71 /* Extentions */ = {
			isa = PBXGroup;
			children = (
				C17544E82909342A00E94D71 /* Color.swift */,
				C178192329222DCE00BDA6EB /* PreviewProvider.swift */,
				C1781925292238F700BDA6EB /* Double.swift */,
			);
			path = Extentions;
			sourceTree = "<group>";
		};
		C178191E29221E2B00BDA6EB /* Models */ = {
			isa = PBXGroup;
			children = (
				C178191F29221E3900BDA6EB /* CoinModel.swift */,
			);
			path = Models;
			sourceTree = "<group>";
		};
		C18337BB29129F28008E8309 /* Core */ = {
			isa = PBXGroup;
			children = (
				C18337C12912AA01008E8309 /* Components */,
				C18337BC2912A92A008E8309 /* Home */,
			);
			path = Core;
			sourceTree = "<group>";
		};
		C18337BC2912A92A008E8309 /* Home */ = {
			isa = PBXGroup;
			children = (
				C18337BE2912A940008E8309 /* ViewModels */,
				C18337BD2912A937008E8309 /* Views */,
			);
			path = Home;
			sourceTree = "<group>";
		};
		C18337BD2912A937008E8309 /* Views */ = {
			isa = PBXGroup;
			children = (
				C18337BF2912A950008E8309 /* HomeView.swift */,
				C178192129222D4300BDA6EB /* CoinRowView.swift */,
			);
			path = Views;
			sourceTree = "<group>";
		};
		C18337BE2912A940008E8309 /* ViewModels */ = {
			isa = PBXGroup;
			children = (
				C16C40EC2923B8ED00D63566 /* HomeViewModel.swift */,
			);
			path = ViewModels;
			sourceTree = "<group>";
		};
		C18337C12912AA01008E8309 /* Components */ = {
			isa = PBXGroup;
			children = (
				C18337C22912AA17008E8309 /* CircleButton */,
			);
			path = Components;
			sourceTree = "<group>";
		};
		C18337C22912AA17008E8309 /* CircleButton */ = {
			isa = PBXGroup;
			children = (
				C18337C42912AA3B008E8309 /* CircleButtonView.swift */,
				C18337C62912ADEA008E8309 /* CircleButtonAnimationView.swift */,
			);
			path = CircleButton;
			sourceTree = "<group>";
		};
/* End PBXGroup section */

/* Begin PBXNativeTarget section */
		C17544D529092FCA00E94D71 /* SwiftfulCrypto */ = {
			isa = PBXNativeTarget;
			buildConfigurationList = C17544E429092FCD00E94D71 /* Build configuration list for PBXNativeTarget "SwiftfulCrypto" */;
			buildPhases = (
				C17544D229092FCA00E94D71 /* Sources */,
				C17544D329092FCA00E94D71 /* Frameworks */,
				C17544D429092FCA00E94D71 /* Resources */,
			);
			buildRules = (
			);
			dependencies = (
			);
			name = SwiftfulCrypto;
			productName = SwiftfulCrypto;
			productReference = C17544D629092FCA00E94D71 /* SwiftfulCrypto.app */;
			productType = "com.apple.product-type.application";
		};
/* End PBXNativeTarget section */

/* Begin PBXProject section */
		C17544CE29092FCA00E94D71 /* Project object */ = {
			isa = PBXProject;
			attributes = {
				BuildIndependentTargetsInParallel = 1;
				LastSwiftUpdateCheck = 1400;
				LastUpgradeCheck = 1400;
				TargetAttributes = {
					C17544D529092FCA00E94D71 = {
						CreatedOnToolsVersion = 14.0.1;
					};
				};
			};
			buildConfigurationList = C17544D129092FCA00E94D71 /* Build configuration list for PBXProject "SwiftfulCrypto" */;
			compatibilityVersion = "Xcode 14.0";
			developmentRegion = en;
			hasScannedForEncodings = 0;
			knownRegions = (
				en,
				Base,
			);
			mainGroup = C17544CD29092FCA00E94D71;
			productRefGroup = C17544D729092FCA00E94D71 /* Products */;
			projectDirPath = "";
			projectRoot = "";
			targets = (
				C17544D529092FCA00E94D71 /* SwiftfulCrypto */,
			);
		};
/* End PBXProject section */

/* Begin PBXResourcesBuildPhase section */
		C17544D429092FCA00E94D71 /* Resources */ = {
			isa = PBXResourcesBuildPhase;
			buildActionMask = 2147483647;
			files = (
				C17544E129092FCD00E94D71 /* Preview Assets.xcassets in Resources */,
				C17544DE29092FCD00E94D71 /* Assets.xcassets in Resources */,
			);
			runOnlyForDeploymentPostprocessing = 0;
		};
/* End PBXResourcesBuildPhase section */

/* Begin PBXSourcesBuildPhase section */
		C17544D229092FCA00E94D71 /* Sources */ = {
			isa = PBXSourcesBuildPhase;
			buildActionMask = 2147483647;
			files = (
				C178192229222D4300BDA6EB /* CoinRowView.swift in Sources */,
				C16C40ED2923B8ED00D63566 /* HomeViewModel.swift in Sources */,
				C17544DC29092FCA00E94D71 /* ContentView.swift in Sources */,
				C18337C02912A951008E8309 /* HomeView.swift in Sources */,
				C17544DA29092FCA00E94D71 /* SwiftfulCryptoApp.swift in Sources */,
				C18337C52912AA3B008E8309 /* CircleButtonView.swift in Sources */,
				C17544E92909342A00E94D71 /* Color.swift in Sources */,
				C18337C72912ADEA008E8309 /* CircleButtonAnimationView.swift in Sources */,
				C178192429222DCE00BDA6EB /* PreviewProvider.swift in Sources */,
				C1781926292238F700BDA6EB /* Double.swift in Sources */,
				C178192029221E3900BDA6EB /* CoinModel.swift in Sources */,
			);
			runOnlyForDeploymentPostprocessing = 0;
		};
/* End PBXSourcesBuildPhase section */

/* Begin XCBuildConfiguration section */
		C17544E229092FCD00E94D71 /* Debug */ = {
			isa = XCBuildConfiguration;
			buildSettings = {
				ALWAYS_SEARCH_USER_PATHS = NO;
				CLANG_ANALYZER_NONNULL = YES;
				CLANG_ANALYZER_NUMBER_OBJECT_CONVERSION = YES_AGGRESSIVE;
				CLANG_CXX_LANGUAGE_STANDARD = "gnu++20";
				CLANG_ENABLE_MODULES = YES;
				CLANG_ENABLE_OBJC_ARC = YES;
				CLANG_ENABLE_OBJC_WEAK = YES;
				CLANG_WARN_BLOCK_CAPTURE_AUTORELEASING = YES;
				CLANG_WARN_BOOL_CONVERSION = YES;
				CLANG_WARN_COMMA = YES;
				CLANG_WARN_CONSTANT_CONVERSION = YES;
				CLANG_WARN_DEPRECATED_OBJC_IMPLEMENTATIONS = YES;
				CLANG_WARN_DIRECT_OBJC_ISA_USAGE = YES_ERROR;
				CLANG_WARN_DOCUMENTATION_COMMENTS = YES;
				CLANG_WARN_EMPTY_BODY = YES;
				CLANG_WARN_ENUM_CONVERSION = YES;
				CLANG_WARN_INFINITE_RECURSION = YES;
				CLANG_WARN_INT_CONVERSION = YES;
				CLANG_WARN_NON_LITERAL_NULL_CONVERSION = YES;
				CLANG_WARN_OBJC_IMPLICIT_RETAIN_SELF = YES;
				CLANG_WARN_OBJC_LITERAL_CONVERSION = YES;
				CLANG_WARN_OBJC_ROOT_CLASS = YES_ERROR;
				CLANG_WARN_QUOTED_INCLUDE_IN_FRAMEWORK_HEADER = YES;
				CLANG_WARN_RANGE_LOOP_ANALYSIS = YES;
				CLANG_WARN_STRICT_PROTOTYPES = YES;
				CLANG_WARN_SUSPICIOUS_MOVE = YES;
				CLANG_WARN_UNGUARDED_AVAILABILITY = YES_AGGRESSIVE;
				CLANG_WARN_UNREACHABLE_CODE = YES;
				CLANG_WARN__DUPLICATE_METHOD_MATCH = YES;
				COPY_PHASE_STRIP = NO;
				DEBUG_INFORMATION_FORMAT = dwarf;
				ENABLE_STRICT_OBJC_MSGSEND = YES;
				ENABLE_TESTABILITY = YES;
				GCC_C_LANGUAGE_STANDARD = gnu11;
				GCC_DYNAMIC_NO_PIC = NO;
				GCC_NO_COMMON_BLOCKS = YES;
				GCC_OPTIMIZATION_LEVEL = 0;
				GCC_PREPROCESSOR_DEFINITIONS = (
					"DEBUG=1",
					"$(inherited)",
				);
				GCC_WARN_64_TO_32_BIT_CONVERSION = YES;
				GCC_WARN_ABOUT_RETURN_TYPE = YES_ERROR;
				GCC_WARN_UNDECLARED_SELECTOR = YES;
				GCC_WARN_UNINITIALIZED_AUTOS = YES_AGGRESSIVE;
				GCC_WARN_UNUSED_FUNCTION = YES;
				GCC_WARN_UNUSED_VARIABLE = YES;
				IPHONEOS_DEPLOYMENT_TARGET = 16.0;
				MTL_ENABLE_DEBUG_INFO = INCLUDE_SOURCE;
				MTL_FAST_MATH = YES;
				ONLY_ACTIVE_ARCH = YES;
				SDKROOT = iphoneos;
				SWIFT_ACTIVE_COMPILATION_CONDITIONS = DEBUG;
				SWIFT_OPTIMIZATION_LEVEL = "-Onone";
			};
			name = Debug;
		};
		C17544E329092FCD00E94D71 /* Release */ = {
			isa = XCBuildConfiguration;
			buildSettings = {
				ALWAYS_SEARCH_USER_PATHS = NO;
				CLANG_ANALYZER_NONNULL = YES;
				CLANG_ANALYZER_NUMBER_OBJECT_CONVERSION = YES_AGGRESSIVE;
				CLANG_CXX_LANGUAGE_STANDARD = "gnu++20";
				CLANG_ENABLE_MODULES = YES;
				CLANG_ENABLE_OBJC_ARC = YES;
				CLANG_ENABLE_OBJC_WEAK = YES;
				CLANG_WARN_BLOCK_CAPTURE_AUTORELEASING = YES;
				CLANG_WARN_BOOL_CONVERSION = YES;
				CLANG_WARN_COMMA = YES;
				CLANG_WARN_CONSTANT_CONVERSION = YES;
				CLANG_WARN_DEPRECATED_OBJC_IMPLEMENTATIONS = YES;
				CLANG_WARN_DIRECT_OBJC_ISA_USAGE = YES_ERROR;
				CLANG_WARN_DOCUMENTATION_COMMENTS = YES;
				CLANG_WARN_EMPTY_BODY = YES;
				CLANG_WARN_ENUM_CONVERSION = YES;
				CLANG_WARN_INFINITE_RECURSION = YES;
				CLANG_WARN_INT_CONVERSION = YES;
				CLANG_WARN_NON_LITERAL_NULL_CONVERSION = YES;
				CLANG_WARN_OBJC_IMPLICIT_RETAIN_SELF = YES;
				CLANG_WARN_OBJC_LITERAL_CONVERSION = YES;
				CLANG_WARN_OBJC_ROOT_CLASS = YES_ERROR;
				CLANG_WARN_QUOTED_INCLUDE_IN_FRAMEWORK_HEADER = YES;
				CLANG_WARN_RANGE_LOOP_ANALYSIS = YES;
				CLANG_WARN_STRICT_PROTOTYPES = YES;
				CLANG_WARN_SUSPICIOUS_MOVE = YES;
				CLANG_WARN_UNGUARDED_AVAILABILITY = YES_AGGRESSIVE;
				CLANG_WARN_UNREACHABLE_CODE = YES;
				CLANG_WARN__DUPLICATE_METHOD_MATCH = YES;
				COPY_PHASE_STRIP = NO;
				DEBUG_INFORMATION_FORMAT = "dwarf-with-dsym";
				ENABLE_NS_ASSERTIONS = NO;
				ENABLE_STRICT_OBJC_MSGSEND = YES;
				GCC_C_LANGUAGE_STANDARD = gnu11;
				GCC_NO_COMMON_BLOCKS = YES;
				GCC_WARN_64_TO_32_BIT_CONVERSION = YES;
				GCC_WARN_ABOUT_RETURN_TYPE = YES_ERROR;
				GCC_WARN_UNDECLARED_SELECTOR = YES;
				GCC_WARN_UNINITIALIZED_AUTOS = YES_AGGRESSIVE;
				GCC_WARN_UNUSED_FUNCTION = YES;
				GCC_WARN_UNUSED_VARIABLE = YES;
				IPHONEOS_DEPLOYMENT_TARGET = 16.0;
				MTL_ENABLE_DEBUG_INFO = NO;
				MTL_FAST_MATH = YES;
				SDKROOT = iphoneos;
				SWIFT_COMPILATION_MODE = wholemodule;
				SWIFT_OPTIMIZATION_LEVEL = "-O";
				VALIDATE_PRODUCT = YES;
			};
			name = Release;
		};
		C17544E529092FCD00E94D71 /* Debug */ = {
			isa = XCBuildConfiguration;
			buildSettings = {
				ASSETCATALOG_COMPILER_APPICON_NAME = AppIcon;
				ASSETCATALOG_COMPILER_GLOBAL_ACCENT_COLOR_NAME = AccentColor;
				CODE_SIGN_STYLE = Automatic;
				CURRENT_PROJECT_VERSION = 1;
				DEVELOPMENT_ASSET_PATHS = "\"SwiftfulCrypto/Preview Content\"";
				ENABLE_PREVIEWS = YES;
				GENERATE_INFOPLIST_FILE = YES;
				INFOPLIST_KEY_CFBundleDisplayName = "Crypto Tracker";
				INFOPLIST_KEY_UIApplicationSceneManifest_Generation = YES;
				INFOPLIST_KEY_UIApplicationSupportsIndirectInputEvents = YES;
				INFOPLIST_KEY_UILaunchScreen_Generation = YES;
				INFOPLIST_KEY_UISupportedInterfaceOrientations = UIInterfaceOrientationPortrait;
				IPHONEOS_DEPLOYMENT_TARGET = 14.0;
				LD_RUNPATH_SEARCH_PATHS = (
					"$(inherited)",
					"@executable_path/Frameworks",
				);
				MARKETING_VERSION = 1.0;
				PRODUCT_BUNDLE_IDENTIFIER = com.thlee.SwiftfulCrypto;
				PRODUCT_NAME = "$(TARGET_NAME)";
				SWIFT_EMIT_LOC_STRINGS = YES;
				SWIFT_VERSION = 5.0;
				TARGETED_DEVICE_FAMILY = "1,2";
			};
			name = Debug;
		};
		C17544E629092FCD00E94D71 /* Release */ = {
			isa = XCBuildConfiguration;
			buildSettings = {
				ASSETCATALOG_COMPILER_APPICON_NAME = AppIcon;
				ASSETCATALOG_COMPILER_GLOBAL_ACCENT_COLOR_NAME = AccentColor;
				CODE_SIGN_STYLE = Automatic;
				CURRENT_PROJECT_VERSION = 1;
				DEVELOPMENT_ASSET_PATHS = "\"SwiftfulCrypto/Preview Content\"";
				ENABLE_PREVIEWS = YES;
				GENERATE_INFOPLIST_FILE = YES;
				INFOPLIST_KEY_CFBundleDisplayName = "Crypto Tracker";
				INFOPLIST_KEY_UIApplicationSceneManifest_Generation = YES;
				INFOPLIST_KEY_UIApplicationSupportsIndirectInputEvents = YES;
				INFOPLIST_KEY_UILaunchScreen_Generation = YES;
				INFOPLIST_KEY_UISupportedInterfaceOrientations = UIInterfaceOrientationPortrait;
				IPHONEOS_DEPLOYMENT_TARGET = 14.0;
				LD_RUNPATH_SEARCH_PATHS = (
					"$(inherited)",
					"@executable_path/Frameworks",
				);
				MARKETING_VERSION = 1.0;
				PRODUCT_BUNDLE_IDENTIFIER = com.thlee.SwiftfulCrypto;
				PRODUCT_NAME = "$(TARGET_NAME)";
				SWIFT_EMIT_LOC_STRINGS = YES;
				SWIFT_VERSION = 5.0;
				TARGETED_DEVICE_FAMILY = "1,2";
			};
			name = Release;
		};
/* End XCBuildConfiguration section */

/* Begin XCConfigurationList section */
		C17544D129092FCA00E94D71 /* Build configuration list for PBXProject "SwiftfulCrypto" */ = {
			isa = XCConfigurationList;
			buildConfigurations = (
				C17544E229092FCD00E94D71 /* Debug */,
				C17544E329092FCD00E94D71 /* Release */,
			);
			defaultConfigurationIsVisible = 0;
			defaultConfigurationName = Release;
		};
		C17544E429092FCD00E94D71 /* Build configuration list for PBXNativeTarget "SwiftfulCrypto" */ = {
			isa = XCConfigurationList;
			buildConfigurations = (
				C17544E529092FCD00E94D71 /* Debug */,
				C17544E629092FCD00E94D71 /* Release */,
			);
			defaultConfigurationIsVisible = 0;
			defaultConfigurationName = Release;
		};
/* End XCConfigurationList section */
	};
	rootObject = C17544CE29092FCA00E94D71 /* Project object */;
}
